
Microsoft Visual Studio Solution File, Format Version 12.00
# Visual Studio 15
VisualStudioVersion = 15.0.27703.2035
MinimumVisualStudioVersion = 10.0.40219.1
Project("{FAE04EC0-301F-11D3-BF4B-00C04F79EFBC}") = "1.1_Is_Unique", "1.1 Is Unique\1.1_Is_Unique.csproj", "{58F76E71-41E7-41BE-B7D3-5731C6F5A636}"
EndProject
Project("{FAE04EC0-301F-11D3-BF4B-00C04F79EFBC}") = "1.2 Check Permutation", "1.2 Check Permutation\1.2 Check Permutation.csproj", "{FE807BF4-4545-4E86-925C-7282C1DB143B}"
EndProject
Project("{FAE04EC0-301F-11D3-BF4B-00C04F79EFBC}") = "1.3 URLify", "1.3 URLify\1.3 URLify.csproj", "{4943ADD9-4A3B-4CF3-9C7C-C7239B28B3B4}"
EndProject
Project("{FAE04EC0-301F-11D3-BF4B-00C04F79EFBC}") = "1.4 Palindrome and Permutation", "1.4 Palindrome and Permutation\1.4 Palindrome and Permutation.csproj", "{A319A2A3-7016-4456-ABFA-239EA7B44B93}"
EndProject
Project("{FAE04EC0-301F-11D3-BF4B-00C04F79EFBC}") = "1.5 One Way", "1.5 One Way\1.5 One Way.csproj", "{C1359C4D-A788-44C6-8A40-8F03BA02F10A}"
EndProject
Project("{FAE04EC0-301F-11D3-BF4B-00C04F79EFBC}") = "1.6 String Compression", "1.6 String Compression\1.6 String Compression.csproj", "{77CBC5DB-BF7E-45D8-AB88-37D239992861}"
EndProject
Project("{FAE04EC0-301F-11D3-BF4B-00C04F79EFBC}") = "1.7 Rotate Matrix", "1.7 Rotate Matrix\1.7 Rotate Matrix.csproj", "{B8A2A492-05F4-453C-93CE-C0183C060DEC}"
EndProject
Project("{FAE04EC0-301F-11D3-BF4B-00C04F79EFBC}") = "1.8 Zero Matrix", "1.8 Zero Matrix\1.8 Zero Matrix.csproj", "{42B2F870-B280-4BDD-BE27-12238CE5FF14}"
EndProject
Project("{FAE04EC0-301F-11D3-BF4B-00C04F79EFBC}") = "1.9 String Rotation", "1.9 String Rotation\1.9 String Rotation.csproj", "{75591ECC-B04F-489A-A31C-7C157ADF6A3C}"
EndProject
Project("{FAE04EC0-301F-11D3-BF4B-00C04F79EFBC}") = "1.1_Is_Unique_UT", "1.1_Is_Unique_UT\1.1_Is_Unique_UT.csproj", "{C817F2C5-5182-4081-841B-FEC73D69B725}"
EndProject
Project("{FAE04EC0-301F-11D3-BF4B-00C04F79EFBC}") = "1.2 Check Permutation_UT", "1.2 Check Permutation_UT\1.2 Check Permutation_UT.csproj", "{1F8EA59F-41B3-4721-AC67-3EC4161EF64A}"
EndProject
Project("{FAE04EC0-301F-11D3-BF4B-00C04F79EFBC}") = "1.3 URLify_UT", "1.3 URLify_UT\1.3 URLify_UT.csproj", "{2E19AC74-A2FF-4156-8572-464B459DF43C}"
EndProject
Project("{FAE04EC0-301F-11D3-BF4B-00C04F79EFBC}") = "1.4 Palindrome and Permutation_UT", "1.4 Palindrome and Permutation_UT\1.4 Palindrome and Permutation_UT.csproj", "{2B234619-1061-4037-BC73-CC121BEE6693}"
EndProject
Project("{FAE04EC0-301F-11D3-BF4B-00C04F79EFBC}") = "1.5 One Way_UT", "1.5 One Way_UT\1.5 One Way_UT.csproj", "{C27462C8-8F3D-4973-BECF-A354A3237985}"
EndProject
Project("{FAE04EC0-301F-11D3-BF4B-00C04F79EFBC}") = "1.6 String Compression_UT", "1.6 String Compression_UT\1.6 String Compression_UT.csproj", "{8B23C11C-29D8-420A-92F0-0B050D2A0AE9}"
EndProject
Project("{FAE04EC0-301F-11D3-BF4B-00C04F79EFBC}") = "1.7 Rotate Matrix_UT", "1.7 Rotate Matrix_UT\1.7 Rotate Matrix_UT.csproj", "{680BA8F3-33CD-4B64-8BE9-D0599E57F315}"
EndProject
Project("{FAE04EC0-301F-11D3-BF4B-00C04F79EFBC}") = "1.8 Zero Matrix_UT", "1.8 Zero Matrix_UT\1.8 Zero Matrix_UT.csproj", "{4EB9B6A3-C67F-4FEB-99BF-7BE4EDBA846A}"
EndProject
Project("{FAE04EC0-301F-11D3-BF4B-00C04F79EFBC}") = "1.9 String Rotation_UT", "1.9 String Rotation_UT\1.9 String Rotation_UT.csproj", "{6CD3BFC8-4A62-4628-B57E-1F8DEC6EAE37}"
EndProject
Global
	GlobalSection(SolutionConfigurationPlatforms) = preSolution
		Debug|Any CPU = Debug|Any CPU
		Release|Any CPU = Release|Any CPU
	EndGlobalSection
	GlobalSection(ProjectConfigurationPlatforms) = postSolution
		{58F76E71-41E7-41BE-B7D3-5731C6F5A636}.Debug|Any CPU.ActiveCfg = Debug|Any CPU
		{58F76E71-41E7-41BE-B7D3-5731C6F5A636}.Debug|Any CPU.Build.0 = Debug|Any CPU
		{58F76E71-41E7-41BE-B7D3-5731C6F5A636}.Release|Any CPU.ActiveCfg = Release|Any CPU
		{58F76E71-41E7-41BE-B7D3-5731C6F5A636}.Release|Any CPU.Build.0 = Release|Any CPU
		{FE807BF4-4545-4E86-925C-7282C1DB143B}.Debug|Any CPU.ActiveCfg = Debug|Any CPU
		{FE807BF4-4545-4E86-925C-7282C1DB143B}.Debug|Any CPU.Build.0 = Debug|Any CPU
		{FE807BF4-4545-4E86-925C-7282C1DB143B}.Release|Any CPU.ActiveCfg = Release|Any CPU
		{FE807BF4-4545-4E86-925C-7282C1DB143B}.Release|Any CPU.Build.0 = Release|Any CPU
		{4943ADD9-4A3B-4CF3-9C7C-C7239B28B3B4}.Debug|Any CPU.ActiveCfg = Debug|Any CPU
		{4943ADD9-4A3B-4CF3-9C7C-C7239B28B3B4}.Debug|Any CPU.Build.0 = Debug|Any CPU
		{4943ADD9-4A3B-4CF3-9C7C-C7239B28B3B4}.Release|Any CPU.ActiveCfg = Release|Any CPU
		{4943ADD9-4A3B-4CF3-9C7C-C7239B28B3B4}.Release|Any CPU.Build.0 = Release|Any CPU
		{A319A2A3-7016-4456-ABFA-239EA7B44B93}.Debug|Any CPU.ActiveCfg = Debug|Any CPU
		{A319A2A3-7016-4456-ABFA-239EA7B44B93}.Debug|Any CPU.Build.0 = Debug|Any CPU
		{A319A2A3-7016-4456-ABFA-239EA7B44B93}.Release|Any CPU.ActiveCfg = Release|Any CPU
		{A319A2A3-7016-4456-ABFA-239EA7B44B93}.Release|Any CPU.Build.0 = Release|Any CPU
		{C1359C4D-A788-44C6-8A40-8F03BA02F10A}.Debug|Any CPU.ActiveCfg = Debug|Any CPU
		{C1359C4D-A788-44C6-8A40-8F03BA02F10A}.Debug|Any CPU.Build.0 = Debug|Any CPU
		{C1359C4D-A788-44C6-8A40-8F03BA02F10A}.Release|Any CPU.ActiveCfg = Release|Any CPU
		{C1359C4D-A788-44C6-8A40-8F03BA02F10A}.Release|Any CPU.Build.0 = Release|Any CPU
		{77CBC5DB-BF7E-45D8-AB88-37D239992861}.Debug|Any CPU.ActiveCfg = Debug|Any CPU
		{77CBC5DB-BF7E-45D8-AB88-37D239992861}.Debug|Any CPU.Build.0 = Debug|Any CPU
		{77CBC5DB-BF7E-45D8-AB88-37D239992861}.Release|Any CPU.ActiveCfg = Release|Any CPU
		{77CBC5DB-BF7E-45D8-AB88-37D239992861}.Release|Any CPU.Build.0 = Release|Any CPU
		{B8A2A492-05F4-453C-93CE-C0183C060DEC}.Debug|Any CPU.ActiveCfg = Debug|Any CPU
		{B8A2A492-05F4-453C-93CE-C0183C060DEC}.Debug|Any CPU.Build.0 = Debug|Any CPU
		{B8A2A492-05F4-453C-93CE-C0183C060DEC}.Release|Any CPU.ActiveCfg = Release|Any CPU
		{B8A2A492-05F4-453C-93CE-C0183C060DEC}.Release|Any CPU.Build.0 = Release|Any CPU
		{42B2F870-B280-4BDD-BE27-12238CE5FF14}.Debug|Any CPU.ActiveCfg = Debug|Any CPU
		{42B2F870-B280-4BDD-BE27-12238CE5FF14}.Debug|Any CPU.Build.0 = Debug|Any CPU
		{42B2F870-B280-4BDD-BE27-12238CE5FF14}.Release|Any CPU.ActiveCfg = Release|Any CPU
		{42B2F870-B280-4BDD-BE27-12238CE5FF14}.Release|Any CPU.Build.0 = Release|Any CPU
		{75591ECC-B04F-489A-A31C-7C157ADF6A3C}.Debug|Any CPU.ActiveCfg = Debug|Any CPU
		{75591ECC-B04F-489A-A31C-7C157ADF6A3C}.Debug|Any CPU.Build.0 = Debug|Any CPU
		{75591ECC-B04F-489A-A31C-7C157ADF6A3C}.Release|Any CPU.ActiveCfg = Release|Any CPU
		{75591ECC-B04F-489A-A31C-7C157ADF6A3C}.Release|Any CPU.Build.0 = Release|Any CPU
		{C817F2C5-5182-4081-841B-FEC73D69B725}.Debug|Any CPU.ActiveCfg = Debug|Any CPU
		{C817F2C5-5182-4081-841B-FEC73D69B725}.Debug|Any CPU.Build.0 = Debug|Any CPU
		{C817F2C5-5182-4081-841B-FEC73D69B725}.Release|Any CPU.ActiveCfg = Release|Any CPU
		{C817F2C5-5182-4081-841B-FEC73D69B725}.Release|Any CPU.Build.0 = Release|Any CPU
		{1F8EA59F-41B3-4721-AC67-3EC4161EF64A}.Debug|Any CPU.ActiveCfg = Debug|Any CPU
		{1F8EA59F-41B3-4721-AC67-3EC4161EF64A}.Debug|Any CPU.Build.0 = Debug|Any CPU
		{1F8EA59F-41B3-4721-AC67-3EC4161EF64A}.Release|Any CPU.ActiveCfg = Release|Any CPU
		{1F8EA59F-41B3-4721-AC67-3EC4161EF64A}.Release|Any CPU.Build.0 = Release|Any CPU
		{2E19AC74-A2FF-4156-8572-464B459DF43C}.Debug|Any CPU.ActiveCfg = Debug|Any CPU
		{2E19AC74-A2FF-4156-8572-464B459DF43C}.Debug|Any CPU.Build.0 = Debug|Any CPU
		{2E19AC74-A2FF-4156-8572-464B459DF43C}.Release|Any CPU.ActiveCfg = Release|Any CPU
		{2E19AC74-A2FF-4156-8572-464B459DF43C}.Release|Any CPU.Build.0 = Release|Any CPU
		{2B234619-1061-4037-BC73-CC121BEE6693}.Debug|Any CPU.ActiveCfg = Debug|Any CPU
		{2B234619-1061-4037-BC73-CC121BEE6693}.Debug|Any CPU.Build.0 = Debug|Any CPU
		{2B234619-1061-4037-BC73-CC121BEE6693}.Release|Any CPU.ActiveCfg = Release|Any CPU
		{2B234619-1061-4037-BC73-CC121BEE6693}.Release|Any CPU.Build.0 = Release|Any CPU
		{C27462C8-8F3D-4973-BECF-A354A3237985}.Debug|Any CPU.ActiveCfg = Debug|Any CPU
		{C27462C8-8F3D-4973-BECF-A354A3237985}.Debug|Any CPU.Build.0 = Debug|Any CPU
		{C27462C8-8F3D-4973-BECF-A354A3237985}.Release|Any CPU.ActiveCfg = Release|Any CPU
		{C27462C8-8F3D-4973-BECF-A354A3237985}.Release|Any CPU.Build.0 = Release|Any CPU
		{8B23C11C-29D8-420A-92F0-0B050D2A0AE9}.Debug|Any CPU.ActiveCfg = Debug|Any CPU
		{8B23C11C-29D8-420A-92F0-0B050D2A0AE9}.Debug|Any CPU.Build.0 = Debug|Any CPU
		{8B23C11C-29D8-420A-92F0-0B050D2A0AE9}.Release|Any CPU.ActiveCfg = Release|Any CPU
		{8B23C11C-29D8-420A-92F0-0B050D2A0AE9}.Release|Any CPU.Build.0 = Release|Any CPU
		{680BA8F3-33CD-4B64-8BE9-D0599E57F315}.Debug|Any CPU.ActiveCfg = Debug|Any CPU
		{680BA8F3-33CD-4B64-8BE9-D0599E57F315}.Debug|Any CPU.Build.0 = Debug|Any CPU
		{680BA8F3-33CD-4B64-8BE9-D0599E57F315}.Release|Any CPU.ActiveCfg = Release|Any CPU
		{680BA8F3-33CD-4B64-8BE9-D0599E57F315}.Release|Any CPU.Build.0 = Release|Any CPU
		{4EB9B6A3-C67F-4FEB-99BF-7BE4EDBA846A}.Debug|Any CPU.ActiveCfg = Debug|Any CPU
		{4EB9B6A3-C67F-4FEB-99BF-7BE4EDBA846A}.Debug|Any CPU.Build.0 = Debug|Any CPU
		{4EB9B6A3-C67F-4FEB-99BF-7BE4EDBA846A}.Release|Any CPU.ActiveCfg = Release|Any CPU
		{4EB9B6A3-C67F-4FEB-99BF-7BE4EDBA846A}.Release|Any CPU.Build.0 = Release|Any CPU
		{6CD3BFC8-4A62-4628-B57E-1F8DEC6EAE37}.Debug|Any CPU.ActiveCfg = Debug|Any CPU
		{6CD3BFC8-4A62-4628-B57E-1F8DEC6EAE37}.Debug|Any CPU.Build.0 = Debug|Any CPU
		{6CD3BFC8-4A62-4628-B57E-1F8DEC6EAE37}.Release|Any CPU.ActiveCfg = Release|Any CPU
		{6CD3BFC8-4A62-4628-B57E-1F8DEC6EAE37}.Release|Any CPU.Build.0 = Release|Any CPU
	EndGlobalSection
	GlobalSection(SolutionProperties) = preSolution
		HideSolutionNode = FALSE
	EndGlobalSection
	GlobalSection(ExtensibilityGlobals) = postSolution
		SolutionGuid = {3045CD96-C43D-4ADE-ABBB-CF3B7CC0B061}
	EndGlobalSection
EndGlobal
